// !$*UTF8*$!
{
	archiveVersion = 1;
	classes = {
	};
	objectVersion = 50;
	objects = {

/* Begin PBXBuildFile section */
		DE91C0A7226A11D900E220DE /* AppDelegate.swift in Sources */ = {isa = PBXBuildFile; fileRef = DE91C0A6226A11D900E220DE /* AppDelegate.swift */; };
		DE91C0A9226A11D900E220DE /* ViewController.swift in Sources */ = {isa = PBXBuildFile; fileRef = DE91C0A8226A11D900E220DE /* ViewController.swift */; };
		DE91C0AC226A11D900E220DE /* Main.storyboard in Resources */ = {isa = PBXBuildFile; fileRef = DE91C0AA226A11D900E220DE /* Main.storyboard */; };
		DE91C0AE226A11DB00E220DE /* Assets.xcassets in Resources */ = {isa = PBXBuildFile; fileRef = DE91C0AD226A11DB00E220DE /* Assets.xcassets */; };
		DE91C0B1226A11DB00E220DE /* LaunchScreen.storyboard in Resources */ = {isa = PBXBuildFile; fileRef = DE91C0AF226A11DB00E220DE /* LaunchScreen.storyboard */; };
		DE91C0B9226A1F1E00E220DE /* ExampleCollectionViewCell.swift in Sources */ = {isa = PBXBuildFile; fileRef = DE91C0B8226A1F1E00E220DE /* ExampleCollectionViewCell.swift */; };
		DE91C0BC226A200500E220DE /* ReusableStaticSection.swift in Sources */ = {isa = PBXBuildFile; fileRef = DE91C0BB226A200500E220DE /* ReusableStaticSection.swift */; };
		DE91C0BF226A399500E220DE /* GenericCollectionView.framework in Frameworks */ = {isa = PBXBuildFile; fileRef = DE91C0BE226A399500E220DE /* GenericCollectionView.framework */; };
/* End PBXBuildFile section */

/* Begin PBXFileReference section */
		DE91C0A3226A11D900E220DE /* Example.app */ = {isa = PBXFileReference; explicitFileType = wrapper.application; includeInIndex = 0; path = Example.app; sourceTree = BUILT_PRODUCTS_DIR; };
		DE91C0A6226A11D900E220DE /* AppDelegate.swift */ = {isa = PBXFileReference; lastKnownFileType = sourcecode.swift; path = AppDelegate.swift; sourceTree = "<group>"; };
		DE91C0A8226A11D900E220DE /* ViewController.swift */ = {isa = PBXFileReference; lastKnownFileType = sourcecode.swift; path = ViewController.swift; sourceTree = "<group>"; };
		DE91C0AB226A11D900E220DE /* Base */ = {isa = PBXFileReference; lastKnownFileType = file.storyboard; name = Base; path = Base.lproj/Main.storyboard; sourceTree = "<group>"; };
		DE91C0AD226A11DB00E220DE /* Assets.xcassets */ = {isa = PBXFileReference; lastKnownFileType = folder.assetcatalog; path = Assets.xcassets; sourceTree = "<group>"; };
		DE91C0B0226A11DB00E220DE /* Base */ = {isa = PBXFileReference; lastKnownFileType = file.storyboard; name = Base; path = Base.lproj/LaunchScreen.storyboard; sourceTree = "<group>"; };
		DE91C0B2226A11DB00E220DE /* Info.plist */ = {isa = PBXFileReference; lastKnownFileType = text.plist.xml; path = Info.plist; sourceTree = "<group>"; };
		DE91C0B8226A1F1E00E220DE /* ExampleCollectionViewCell.swift */ = {isa = PBXFileReference; lastKnownFileType = sourcecode.swift; path = ExampleCollectionViewCell.swift; sourceTree = "<group>"; };
		DE91C0BB226A200500E220DE /* ReusableStaticSection.swift */ = {isa = PBXFileReference; lastKnownFileType = sourcecode.swift; path = ReusableStaticSection.swift; sourceTree = "<group>"; };
		DE91C0BE226A399500E220DE /* GenericCollectionView.framework */ = {isa = PBXFileReference; explicitFileType = wrapper.framework; path = GenericCollectionView.framework; sourceTree = BUILT_PRODUCTS_DIR; };
/* End PBXFileReference section */

/* Begin PBXFrameworksBuildPhase section */
		DE91C0A0226A11D900E220DE /* Frameworks */ = {
			isa = PBXFrameworksBuildPhase;
			buildActionMask = 2147483647;
			files = (
				DE91C0BF226A399500E220DE /* GenericCollectionView.framework in Frameworks */,
			);
			runOnlyForDeploymentPostprocessing = 0;
		};
/* End PBXFrameworksBuildPhase section */

/* Begin PBXGroup section */
		DE91C09A226A11D900E220DE = {
			isa = PBXGroup;
			children = (
				DE91C0A5226A11D900E220DE /* Example */,
				DE91C0A4226A11D900E220DE /* Products */,
				DE91C0BD226A399500E220DE /* Frameworks */,
			);
			sourceTree = "<group>";
		};
		DE91C0A4226A11D900E220DE /* Products */ = {
			isa = PBXGroup;
			children = (
				DE91C0A3226A11D900E220DE /* Example.app */,
			);
			name = Products;
			sourceTree = "<group>";
		};
		DE91C0A5226A11D900E220DE /* Example */ = {
			isa = PBXGroup;
			children = (
				DE91C0BA226A1FEC00E220DE /* CollectionView */,
				DE91C0A6226A11D900E220DE /* AppDelegate.swift */,
				DE91C0A8226A11D900E220DE /* ViewController.swift */,
				DE91C0AA226A11D900E220DE /* Main.storyboard */,
				DE91C0AD226A11DB00E220DE /* Assets.xcassets */,
				DE91C0AF226A11DB00E220DE /* LaunchScreen.storyboard */,
				DE91C0B2226A11DB00E220DE /* Info.plist */,
			);
			path = Example;
			sourceTree = "<group>";
		};
		DE91C0BA226A1FEC00E220DE /* CollectionView */ = {
			isa = PBXGroup;
			children = (
				DE91C0B8226A1F1E00E220DE /* ExampleCollectionViewCell.swift */,
				DE91C0BB226A200500E220DE /* ReusableStaticSection.swift */,
			);
			path = CollectionView;
			sourceTree = "<group>";
		};
		DE91C0BD226A399500E220DE /* Frameworks */ = {
			isa = PBXGroup;
			children = (
				DE91C0BE226A399500E220DE /* GenericCollectionView.framework */,
			);
			name = Frameworks;
			sourceTree = "<group>";
		};
/* End PBXGroup section */

/* Begin PBXNativeTarget section */
		DE91C0A2226A11D900E220DE /* Example */ = {
			isa = PBXNativeTarget;
			buildConfigurationList = DE91C0B5226A11DB00E220DE /* Build configuration list for PBXNativeTarget "Example" */;
			buildPhases = (
				DE91C09F226A11D900E220DE /* Sources */,
				DE91C0A0226A11D900E220DE /* Frameworks */,
				DE91C0A1226A11D900E220DE /* Resources */,
			);
			buildRules = (
			);
			dependencies = (
			);
			name = Example;
			productName = Example;
			productReference = DE91C0A3226A11D900E220DE /* Example.app */;
			productType = "com.apple.product-type.application";
		};
/* End PBXNativeTarget section */

/* Begin PBXProject section */
		DE91C09B226A11D900E220DE /* Project object */ = {
			isa = PBXProject;
			attributes = {
				LastSwiftUpdateCheck = 1020;
				LastUpgradeCheck = 1020;
				ORGANIZATIONNAME = raoulschwagmeier;
				TargetAttributes = {
					DE91C0A2226A11D900E220DE = {
						CreatedOnToolsVersion = 10.2;
					};
				};
			};
			buildConfigurationList = DE91C09E226A11D900E220DE /* Build configuration list for PBXProject "Example" */;
			compatibilityVersion = "Xcode 9.3";
			developmentRegion = en;
			hasScannedForEncodings = 0;
			knownRegions = (
				en,
				Base,
			);
			mainGroup = DE91C09A226A11D900E220DE;
			productRefGroup = DE91C0A4226A11D900E220DE /* Products */;
			projectDirPath = "";
			projectRoot = "";
			targets = (
				DE91C0A2226A11D900E220DE /* Example */,
			);
		};
/* End PBXProject section */

/* Begin PBXResourcesBuildPhase section */
		DE91C0A1226A11D900E220DE /* Resources */ = {
			isa = PBXResourcesBuildPhase;
			buildActionMask = 2147483647;
			files = (
				DE91C0B1226A11DB00E220DE /* LaunchScreen.storyboard in Resources */,
				DE91C0AE226A11DB00E220DE /* Assets.xcassets in Resources */,
				DE91C0AC226A11D900E220DE /* Main.storyboard in Resources */,
			);
			runOnlyForDeploymentPostprocessing = 0;
		};
/* End PBXResourcesBuildPhase section */

/* Begin PBXSourcesBuildPhase section */
		DE91C09F226A11D900E220DE /* Sources */ = {
			isa = PBXSourcesBuildPhase;
			buildActionMask = 2147483647;
			files = (
				DE91C0B9226A1F1E00E220DE /* ExampleCollectionViewCell.swift in Sources */,
				DE91C0A9226A11D900E220DE /* ViewController.swift in Sources */,
				DE91C0BC226A200500E220DE /* ReusableStaticSection.swift in Sources */,
				DE91C0A7226A11D900E220DE /* AppDelegate.swift in Sources */,
			);
			runOnlyForDeploymentPostprocessing = 0;
		};
/* End PBXSourcesBuildPhase section */

/* Begin PBXVariantGroup section */
		DE91C0AA226A11D900E220DE /* Main.storyboard */ = {
			isa = PBXVariantGroup;
			children = (
				DE91C0AB226A11D900E220DE /* Base */,
			);
			name = Main.storyboard;
			sourceTree = "<group>";
		};
		DE91C0AF226A11DB00E220DE /* LaunchScreen.storyboard */ = {
			isa = PBXVariantGroup;
			children = (
				DE91C0B0226A11DB00E220DE /* Base */,
			);
			name = LaunchScreen.storyboard;
			sourceTree = "<group>";
		};
/* End PBXVariantGroup section */

/* Begin XCBuildConfiguration section */
		DE91C0B3226A11DB00E220DE /* Debug */ = {
			isa = XCBuildConfiguration;
			buildSettings = {
				ALWAYS_SEARCH_USER_PATHS = NO;
				CLANG_ANALYZER_NONNULL = YES;
				CLANG_ANALYZER_NUMBER_OBJECT_CONVERSION = YES_AGGRESSIVE;
				CLANG_CXX_LANGUAGE_STANDARD = "gnu++14";
				CLANG_CXX_LIBRARY = "libc++";
				CLANG_ENABLE_MODULES = YES;
				CLANG_ENABLE_OBJC_ARC = YES;
				CLANG_ENABLE_OBJC_WEAK = YES;
				CLANG_WARN_BLOCK_CAPTURE_AUTORELEASING = YES;
				CLANG_WARN_BOOL_CONVERSION = YES;
				CLANG_WARN_COMMA = YES;
				CLANG_WARN_CONSTANT_CONVERSION = YES;
				CLANG_WARN_DEPRECATED_OBJC_IMPLEMENTATIONS = YES;
				CLANG_WARN_DIRECT_OBJC_ISA_USAGE = YES_ERROR;
				CLANG_WARN_DOCUMENTATION_COMMENTS = YES;
				CLANG_WARN_EMPTY_BODY = YES;
				CLANG_WARN_ENUM_CONVERSION = YES;
				CLANG_WARN_INFINITE_RECURSION = YES;
				CLANG_WARN_INT_CONVERSION = YES;
				CLANG_WARN_NON_LITERAL_NULL_CONVERSION = YES;
				CLANG_WARN_OBJC_IMPLICIT_RETAIN_SELF = YES;
				CLANG_WARN_OBJC_LITERAL_CONVERSION = YES;
				CLANG_WARN_OBJC_ROOT_CLASS = YES_ERROR;
				CLANG_WARN_RANGE_LOOP_ANALYSIS = YES;
				CLANG_WARN_STRICT_PROTOTYPES = YES;
				CLANG_WARN_SUSPICIOUS_MOVE = YES;
				CLANG_WARN_UNGUARDED_AVAILABILITY = YES_AGGRESSIVE;
				CLANG_WARN_UNREACHABLE_CODE = YES;
				CLANG_WARN__DUPLICATE_METHOD_MATCH = YES;
				CODE_SIGN_IDENTITY = "iPhone Developer";
				COPY_PHASE_STRIP = NO;
				DEBUG_INFORMATION_FORMAT = dwarf;
				ENABLE_STRICT_OBJC_MSGSEND = YES;
				ENABLE_TESTABILITY = YES;
				GCC_C_LANGUAGE_STANDARD = gnu11;
				GCC_DYNAMIC_NO_PIC = NO;
				GCC_NO_COMMON_BLOCKS = YES;
				GCC_OPTIMIZATION_LEVEL = 0;
				GCC_PREPROCESSOR_DEFINITIONS = (
					"DEBUG=1",
					"$(inherited)",
				);
				GCC_WARN_64_TO_32_BIT_CONVERSION = YES;
				GCC_WARN_ABOUT_RETURN_TYPE = YES_ERROR;
				GCC_WARN_UNDECLARED_SELECTOR = YES;
				GCC_WARN_UNINITIALIZED_AUTOS = YES_AGGRESSIVE;
				GCC_WARN_UNUSED_FUNCTION = YES;
				GCC_WARN_UNUSED_VARIABLE = YES;
				IPHONEOS_DEPLOYMENT_TARGET = 12.2;
				MTL_ENABLE_DEBUG_INFO = INCLUDE_SOURCE;
				MTL_FAST_MATH = YES;
				ONLY_ACTIVE_ARCH = YES;
				SDKROOT = iphoneos;
				SWIFT_ACTIVE_COMPILATION_CONDITIONS = DEBUG;
				SWIFT_OPTIMIZATION_LEVEL = "-Onone";
			};
			name = Debug;
		};
		DE91C0B4226A11DB00E220DE /* Release */ = {
			isa = XCBuildConfiguration;
			buildSettings = {
				ALWAYS_SEARCH_USER_PATHS = NO;
				CLANG_ANALYZER_NONNULL = YES;
				CLANG_ANALYZER_NUMBER_OBJECT_CONVERSION = YES_AGGRESSIVE;
				CLANG_CXX_LANGUAGE_STANDARD = "gnu++14";
				CLANG_CXX_LIBRARY = "libc++";
				CLANG_ENABLE_MODULES = YES;
				CLANG_ENABLE_OBJC_ARC = YES;
				CLANG_ENABLE_OBJC_WEAK = YES;
				CLANG_WARN_BLOCK_CAPTURE_AUTORELEASING = YES;
				CLANG_WARN_BOOL_CONVERSION = YES;
				CLANG_WARN_COMMA = YES;
				CLANG_WARN_CONSTANT_CONVERSION = YES;
				CLANG_WARN_DEPRECATED_OBJC_IMPLEMENTATIONS = YES;
				CLANG_WARN_DIRECT_OBJC_ISA_USAGE = YES_ERROR;
				CLANG_WARN_DOCUMENTATION_COMMENTS = YES;
				CLANG_WARN_EMPTY_BODY = YES;
				CLANG_WARN_ENUM_CONVERSION = YES;
				CLANG_WARN_INFINITE_RECURSION = YES;
				CLANG_WARN_INT_CONVERSION = YES;
				CLANG_WARN_NON_LITERAL_NULL_CONVERSION = YES;
				CLANG_WARN_OBJC_IMPLICIT_RETAIN_SELF = YES;
				CLANG_WARN_OBJC_LITERAL_CONVERSION = YES;
				CLANG_WARN_OBJC_ROOT_CLASS = YES_ERROR;
				CLANG_WARN_RANGE_LOOP_ANALYSIS = YES;
				CLANG_WARN_STRICT_PROTOTYPES = YES;
				CLANG_WARN_SUSPICIOUS_MOVE = YES;
				CLANG_WARN_UNGUARDED_AVAILABILITY = YES_AGGRESSIVE;
				CLANG_WARN_UNREACHABLE_CODE = YES;
				CLANG_WARN__DUPLICATE_METHOD_MATCH = YES;
				CODE_SIGN_IDENTITY = "iPhone Developer";
				COPY_PHASE_STRIP = NO;
				DEBUG_INFORMATION_FORMAT = "dwarf-with-dsym";
				ENABLE_NS_ASSERTIONS = NO;
				ENABLE_STRICT_OBJC_MSGSEND = YES;
				GCC_C_LANGUAGE_STANDARD = gnu11;
				GCC_NO_COMMON_BLOCKS = YES;
				GCC_WARN_64_TO_32_BIT_CONVERSION = YES;
				GCC_WARN_ABOUT_RETURN_TYPE = YES_ERROR;
				GCC_WARN_UNDECLARED_SELECTOR = YES;
				GCC_WARN_UNINITIALIZED_AUTOS = YES_AGGRESSIVE;
				GCC_WARN_UNUSED_FUNCTION = YES;
				GCC_WARN_UNUSED_VARIABLE = YES;
				IPHONEOS_DEPLOYMENT_TARGET = 12.2;
				MTL_ENABLE_DEBUG_INFO = NO;
				MTL_FAST_MATH = YES;
				SDKROOT = iphoneos;
				SWIFT_COMPILATION_MODE = wholemodule;
				SWIFT_OPTIMIZATION_LEVEL = "-O";
				VALIDATE_PRODUCT = YES;
			};
			name = Release;
		};
		DE91C0B6226A11DB00E220DE /* Debug */ = {
			isa = XCBuildConfiguration;
			buildSettings = {
				ASSETCATALOG_COMPILER_APPICON_NAME = AppIcon;
				CODE_SIGN_STYLE = Automatic;
				DEVELOPMENT_TEAM = UN495CWDD6;
				INFOPLIST_FILE = Example/Info.plist;
				LD_RUNPATH_SEARCH_PATHS = (
					"$(inherited)",
					"@executable_path/Frameworks",
				);
				PRODUCT_BUNDLE_IDENTIFIER = com.schwagmeier.raoul.Example;
				PRODUCT_NAME = "$(TARGET_NAME)";
				SWIFT_VERSION = 5.0;
				TARGETED_DEVICE_FAMILY = "1,2";
			};
			name = Debug;
		};
		DE91C0B7226A11DB00E220DE /* Release */ = {
			isa = XCBuildConfiguration;
			buildSettings = {
				ASSETCATALOG_COMPILER_APPICON_NAME = AppIcon;
				CODE_SIGN_STYLE = Automatic;
				DEVELOPMENT_TEAM = UN495CWDD6;
				INFOPLIST_FILE = Example/Info.plist;
				LD_RUNPATH_SEARCH_PATHS = (
					"$(inherited)",
					"@executable_path/Frameworks",
				);
				PRODUCT_BUNDLE_IDENTIFIER = com.schwagmeier.raoul.Example;
				PRODUCT_NAME = "$(TARGET_NAME)";
				SWIFT_VERSION = 5.0;
				TARGETED_DEVICE_FAMILY = "1,2";
			};
			name = Release;
		};
/* End XCBuildConfiguration section */

/* Begin XCConfigurationList section */
		DE91C09E226A11D900E220DE /* Build configuration list for PBXProject "Example" */ = {
			isa = XCConfigurationList;
			buildConfigurations = (
				DE91C0B3226A11DB00E220DE /* Debug */,
				DE91C0B4226A11DB00E220DE /* Release */,
			);
			defaultConfigurationIsVisible = 0;
			defaultConfigurationName = Release;
		};
		DE91C0B5226A11DB00E220DE /* Build configuration list for PBXNativeTarget "Example" */ = {
			isa = XCConfigurationList;
			buildConfigurations = (
				DE91C0B6226A11DB00E220DE /* Debug */,
				DE91C0B7226A11DB00E220DE /* Release */,
			);
			defaultConfigurationIsVisible = 0;
			defaultConfigurationName = Release;
		};
/* End XCConfigurationList section */
	};
	rootObject = DE91C09B226A11D900E220DE /* Project object */;
}
